
Microsoft Visual Studio Solution File, Format Version 12.00
# Visual Studio Version 17
VisualStudioVersion = 17.7.34031.279
MinimumVisualStudioVersion = 10.0.40219.1
Project("{9A19103F-16F7-4668-BE54-9A1E7A4F7556}") = "PruebaDanielPineros", "PruebaDanielPineros.csproj", "{9A02DE54-5356-4C47-BCA1-DAEFE4200056}"
EndProject
Global
	GlobalSection(SolutionConfigurationPlatforms) = preSolution
		Debug|Any CPU = Debug|Any CPU
		Release|Any CPU = Release|Any CPU
	EndGlobalSection
	GlobalSection(ProjectConfigurationPlatforms) = postSolution
		{9A02DE54-5356-4C47-BCA1-DAEFE4200056}.Debug|Any CPU.ActiveCfg = Debug|Any CPU
		{9A02DE54-5356-4C47-BCA1-DAEFE4200056}.Debug|Any CPU.Build.0 = Debug|Any CPU
		{9A02DE54-5356-4C47-BCA1-DAEFE4200056}.Release|Any CPU.ActiveCfg = Release|Any CPU
		{9A02DE54-5356-4C47-BCA1-DAEFE4200056}.Release|Any CPU.Build.0 = Release|Any CPU
	EndGlobalSection
	GlobalSection(SolutionProperties) = preSolution
		HideSolutionNode = FALSE
	EndGlobalSection
	GlobalSection(ExtensibilityGlobals) = postSolution
		SolutionGuid = {E6777216-22E9-4532-8684-F4870A560CB5}
	EndGlobalSection
EndGlobal
